
Microsoft Visual Studio Solution File, Format Version 12.00
# Visual Studio 15
VisualStudioVersion = 15.0.28307.1321
MinimumVisualStudioVersion = 10.0.40219.1
Project("{FAE04EC0-301F-11D3-BF4B-00C04F79EFBC}") = "projectHotels", "projectHotels\projectHotels.csproj", "{01326704-963A-4E3B-8B0B-C8503BBED7E9}"
EndProject
Global
	GlobalSection(SolutionConfigurationPlatforms) = preSolution
		Debug|Any CPU = Debug|Any CPU
		Release|Any CPU = Release|Any CPU
	EndGlobalSection
	GlobalSection(ProjectConfigurationPlatforms) = postSolution
		{01326704-963A-4E3B-8B0B-C8503BBED7E9}.Debug|Any CPU.ActiveCfg = Debug|Any CPU
		{01326704-963A-4E3B-8B0B-C8503BBED7E9}.Debug|Any CPU.Build.0 = Debug|Any CPU
		{01326704-963A-4E3B-8B0B-C8503BBED7E9}.Release|Any CPU.ActiveCfg = Release|Any CPU
		{01326704-963A-4E3B-8B0B-C8503BBED7E9}.Release|Any CPU.Build.0 = Release|Any CPU
	EndGlobalSection
	GlobalSection(SolutionProperties) = preSolution
		HideSolutionNode = FALSE
	EndGlobalSection
	GlobalSection(ExtensibilityGlobals) = postSolution
		SolutionGuid = {0FEE2672-72BC-452F-8ADC-F5C5268EFB30}
	EndGlobalSection
EndGlobal
